
Microsoft Visual Studio Solution File, Format Version 12.00
# Visual Studio Version 16
VisualStudioVersion = 16.0.30517.126
MinimumVisualStudioVersion = 10.0.40219.1
Project("{FAE04EC0-301F-11D3-BF4B-00C04F79EFBC}") = "MapEditor", "MapEditor\MapEditor.csproj", "{1D56A8C8-1C58-4BA8-B832-674217C1B67E}"
EndProject
Global
	GlobalSection(SolutionConfigurationPlatforms) = preSolution
		Debug|Any CPU = Debug|Any CPU
		Release|Any CPU = Release|Any CPU
	EndGlobalSection
	GlobalSection(ProjectConfigurationPlatforms) = postSolution
		{1D56A8C8-1C58-4BA8-B832-674217C1B67E}.Debug|Any CPU.ActiveCfg = Debug|Any CPU
		{1D56A8C8-1C58-4BA8-B832-674217C1B67E}.Debug|Any CPU.Build.0 = Debug|Any CPU
		{1D56A8C8-1C58-4BA8-B832-674217C1B67E}.Release|Any CPU.ActiveCfg = Release|Any CPU
		{1D56A8C8-1C58-4BA8-B832-674217C1B67E}.Release|Any CPU.Build.0 = Release|Any CPU
	EndGlobalSection
	GlobalSection(SolutionProperties) = preSolution
		HideSolutionNode = FALSE
	EndGlobalSection
	GlobalSection(ExtensibilityGlobals) = postSolution
		SolutionGuid = {C59C4DCF-C345-452E-8D80-6C1730ECDC72}
	EndGlobalSection
EndGlobal
